
Microsoft Visual Studio Solution File, Format Version 12.00
# Visual Studio Version 16
VisualStudioVersion = 16.0.29519.87
MinimumVisualStudioVersion = 10.0.40219.1
Project("{FAE04EC0-301F-11D3-BF4B-00C04F79EFBC}") = "JavierIP.website", "JavierIP.website\JavierIP.website.csproj", "{219271F5-F67E-42F5-A937-BC516AF75DE8}"
EndProject
Global
	GlobalSection(SolutionConfigurationPlatforms) = preSolution
		Debug|Any CPU = Debug|Any CPU
		Release|Any CPU = Release|Any CPU
	EndGlobalSection
	GlobalSection(ProjectConfigurationPlatforms) = postSolution
		{219271F5-F67E-42F5-A937-BC516AF75DE8}.Debug|Any CPU.ActiveCfg = Debug|Any CPU
		{219271F5-F67E-42F5-A937-BC516AF75DE8}.Debug|Any CPU.Build.0 = Debug|Any CPU
		{219271F5-F67E-42F5-A937-BC516AF75DE8}.Release|Any CPU.ActiveCfg = Release|Any CPU
		{219271F5-F67E-42F5-A937-BC516AF75DE8}.Release|Any CPU.Build.0 = Release|Any CPU
	EndGlobalSection
	GlobalSection(SolutionProperties) = preSolution
		HideSolutionNode = FALSE
	EndGlobalSection
	GlobalSection(ExtensibilityGlobals) = postSolution
		SolutionGuid = {D6D283C9-4E5C-4511-881A-2778C07A8517}
	EndGlobalSection
EndGlobal
